
Microsoft Visual Studio Solution File, Format Version 12.00
# Visual Studio Version 17
VisualStudioVersion = 17.3.32929.385
MinimumVisualStudioVersion = 10.0.40219.1
Project("{FAE04EC0-301F-11D3-BF4B-00C04F79EFBC}") = "FreeCLI", "FreeCLI\FreeCLI.csproj", "{BE676A9D-BB0C-4C04-B630-FB04020420D3}"
EndProject
Global
	GlobalSection(SolutionConfigurationPlatforms) = preSolution
		Debug|Any CPU = Debug|Any CPU
		Release|Any CPU = Release|Any CPU
	EndGlobalSection
	GlobalSection(ProjectConfigurationPlatforms) = postSolution
		{BE676A9D-BB0C-4C04-B630-FB04020420D3}.Debug|Any CPU.ActiveCfg = Debug|Any CPU
		{BE676A9D-BB0C-4C04-B630-FB04020420D3}.Debug|Any CPU.Build.0 = Debug|Any CPU
		{BE676A9D-BB0C-4C04-B630-FB04020420D3}.Release|Any CPU.ActiveCfg = Release|Any CPU
		{BE676A9D-BB0C-4C04-B630-FB04020420D3}.Release|Any CPU.Build.0 = Release|Any CPU
	EndGlobalSection
	GlobalSection(SolutionProperties) = preSolution
		HideSolutionNode = FALSE
	EndGlobalSection
	GlobalSection(ExtensibilityGlobals) = postSolution
		SolutionGuid = {0E84A774-6CE7-46E2-A6B7-8B2AC843E8D8}
	EndGlobalSection
EndGlobal
