
Microsoft Visual Studio Solution File, Format Version 12.00
# Visual Studio Version 17
VisualStudioVersion = 17.3.32929.385
MinimumVisualStudioVersion = 10.0.40219.1
Project("{FAE04EC0-301F-11D3-BF4B-00C04F79EFBC}") = "FreeCLINet", "FreeCLINet\FreeCLINet.csproj", "{77EA9D7A-F992-471E-BEC6-3D1179CC880B}"
EndProject
Global
	GlobalSection(SolutionConfigurationPlatforms) = preSolution
		Debug|Any CPU = Debug|Any CPU
		Release|Any CPU = Release|Any CPU
	EndGlobalSection
	GlobalSection(ProjectConfigurationPlatforms) = postSolution
		{77EA9D7A-F992-471E-BEC6-3D1179CC880B}.Debug|Any CPU.ActiveCfg = Debug|Any CPU
		{77EA9D7A-F992-471E-BEC6-3D1179CC880B}.Debug|Any CPU.Build.0 = Debug|Any CPU
		{77EA9D7A-F992-471E-BEC6-3D1179CC880B}.Release|Any CPU.ActiveCfg = Release|Any CPU
		{77EA9D7A-F992-471E-BEC6-3D1179CC880B}.Release|Any CPU.Build.0 = Release|Any CPU
	EndGlobalSection
	GlobalSection(SolutionProperties) = preSolution
		HideSolutionNode = FALSE
	EndGlobalSection
	GlobalSection(ExtensibilityGlobals) = postSolution
		SolutionGuid = {0E84A774-6CE7-46E2-A6B7-8B2AC843E8D8}
	EndGlobalSection
EndGlobal
